<?xml version="1.0" encoding="utf-8"?>
<Project ToolsVersion="15.0" xmlns="http://schemas.microsoft.com/developer/msbuild/2003">
  <ItemGroup>
    <CustomBuild Include="C:\Users\lukeqiang\Desktop\test\build\CMakeFiles\0bdbcc722f22fa83797311a342c1eae9\generate.stamp.rule">
      <Filter>CMake Rules</Filter>
    </CustomBuild>
  </ItemGroup>
  <ItemGroup>
    <Filter Include="CMake Rules">
      <UniqueIdentifier>{283B2AF2-3A8F-3ED0-8C88-4D48D2B3B49C}</UniqueIdentifier>
    </Filter>
  </ItemGroup>
</Project>
